
Microsoft Visual Studio Solution File, Format Version 12.00
# Visual Studio Version 17
VisualStudioVersion = 17.10.35122.118
MinimumVisualStudioVersion = 10.0.40219.1
Project("{FAE04EC0-301F-11D3-BF4B-00C04F79EFBC}") = "CapstoneProjectTopicApproval", "CapstoneProjectTopicApproval\CapstoneProjectTopicApproval.csproj", "{3AC519B6-E9B9-4B98-85F6-0D45C0C6F3CC}"
EndProject
Project("{FAE04EC0-301F-11D3-BF4B-00C04F79EFBC}") = "Repository", "Repository\Repository.csproj", "{0E9773C9-4153-48F1-A408-1DAB54D2FD50}"
EndProject
Project("{FAE04EC0-301F-11D3-BF4B-00C04F79EFBC}") = "Services", "Services\Services.csproj", "{11B58ED5-5742-42C7-8349-E1D07D225709}"
EndProject
Global
	GlobalSection(SolutionConfigurationPlatforms) = preSolution
		Debug|Any CPU = Debug|Any CPU
		Release|Any CPU = Release|Any CPU
	EndGlobalSection
	GlobalSection(ProjectConfigurationPlatforms) = postSolution
		{3AC519B6-E9B9-4B98-85F6-0D45C0C6F3CC}.Debug|Any CPU.ActiveCfg = Debug|Any CPU
		{3AC519B6-E9B9-4B98-85F6-0D45C0C6F3CC}.Debug|Any CPU.Build.0 = Debug|Any CPU
		{3AC519B6-E9B9-4B98-85F6-0D45C0C6F3CC}.Release|Any CPU.ActiveCfg = Release|Any CPU
		{3AC519B6-E9B9-4B98-85F6-0D45C0C6F3CC}.Release|Any CPU.Build.0 = Release|Any CPU
		{0E9773C9-4153-48F1-A408-1DAB54D2FD50}.Debug|Any CPU.ActiveCfg = Debug|Any CPU
		{0E9773C9-4153-48F1-A408-1DAB54D2FD50}.Debug|Any CPU.Build.0 = Debug|Any CPU
		{0E9773C9-4153-48F1-A408-1DAB54D2FD50}.Release|Any CPU.ActiveCfg = Release|Any CPU
		{0E9773C9-4153-48F1-A408-1DAB54D2FD50}.Release|Any CPU.Build.0 = Release|Any CPU
		{11B58ED5-5742-42C7-8349-E1D07D225709}.Debug|Any CPU.ActiveCfg = Debug|Any CPU
		{11B58ED5-5742-42C7-8349-E1D07D225709}.Debug|Any CPU.Build.0 = Debug|Any CPU
		{11B58ED5-5742-42C7-8349-E1D07D225709}.Release|Any CPU.ActiveCfg = Release|Any CPU
		{11B58ED5-5742-42C7-8349-E1D07D225709}.Release|Any CPU.Build.0 = Release|Any CPU
	EndGlobalSection
	GlobalSection(SolutionProperties) = preSolution
		HideSolutionNode = FALSE
	EndGlobalSection
	GlobalSection(ExtensibilityGlobals) = postSolution
		SolutionGuid = {DE28AE21-DFB9-4304-83A7-2DB96B42FF0B}
	EndGlobalSection
EndGlobal
